// !$*UTF8*$!
{
	archiveVersion = 1;
	classes = {
	};
	objectVersion = 46;
	objects = {

/* Begin PBXBuildFile section */
		C608692C1C27934900D45513 /* AKStaticHeaderViewController.m in Sources */ = {isa = PBXBuildFile; fileRef = C608692B1C27934900D45513 /* AKStaticHeaderViewController.m */; };
		C62229BE1C196BFB0037938A /* main.m in Sources */ = {isa = PBXBuildFile; fileRef = C62229BD1C196BFB0037938A /* main.m */; };
		C62229C11C196BFB0037938A /* AppDelegate.m in Sources */ = {isa = PBXBuildFile; fileRef = C62229C01C196BFB0037938A /* AppDelegate.m */; };
		C62229C41C196BFB0037938A /* ViewController.m in Sources */ = {isa = PBXBuildFile; fileRef = C62229C31C196BFB0037938A /* ViewController.m */; };
		C62229C71C196BFB0037938A /* Main.storyboard in Resources */ = {isa = PBXBuildFile; fileRef = C62229C51C196BFB0037938A /* Main.storyboard */; };
		C62229C91C196BFB0037938A /* Assets.xcassets in Resources */ = {isa = PBXBuildFile; fileRef = C62229C81C196BFB0037938A /* Assets.xcassets */; };
		C62229CC1C196BFB0037938A /* LaunchScreen.storyboard in Resources */ = {isa = PBXBuildFile; fileRef = C62229CA1C196BFB0037938A /* LaunchScreen.storyboard */; };
		C6611ABA1C253919003B2494 /* AKPointScalAnimateView.m in Sources */ = {isa = PBXBuildFile; fileRef = C6611AB91C253919003B2494 /* AKPointScalAnimateView.m */; };
		C6611ABD1C253AD2003B2494 /* AKScalPointViewController.m in Sources */ = {isa = PBXBuildFile; fileRef = C6611ABC1C253AD2003B2494 /* AKScalPointViewController.m */; };
		C68044541C239BEF00ECB622 /* AKRefreshHeaderView.m in Sources */ = {isa = PBXBuildFile; fileRef = C68044491C239BEF00ECB622 /* AKRefreshHeaderView.m */; };
		C68044551C239BEF00ECB622 /* AKRotateRectAnimateView.m in Sources */ = {isa = PBXBuildFile; fileRef = C680444C1C239BEF00ECB622 /* AKRotateRectAnimateView.m */; };
		C68044561C239BEF00ECB622 /* AKShimmerAnimationView.m in Sources */ = {isa = PBXBuildFile; fileRef = C680444E1C239BEF00ECB622 /* AKShimmerAnimationView.m */; };
		C68044571C239BEF00ECB622 /* AKHeightLabelExtView.m in Sources */ = {isa = PBXBuildFile; fileRef = C68044511C239BEF00ECB622 /* AKHeightLabelExtView.m */; };
		C68044581C239BEF00ECB622 /* UIScrollView+AKRefreshControl.m in Sources */ = {isa = PBXBuildFile; fileRef = C68044531C239BEF00ECB622 /* UIScrollView+AKRefreshControl.m */; };
		C680445B1C24E9AF00ECB622 /* AKRefreshExtImageView.m in Sources */ = {isa = PBXBuildFile; fileRef = C680445A1C24E9AF00ECB622 /* AKRefreshExtImageView.m */; };
		C680445D1C24EA0400ECB622 /* test00.jpg in Resources */ = {isa = PBXBuildFile; fileRef = C680445C1C24EA0400ECB622 /* test00.jpg */; };
		C68044601C250AFA00ECB622 /* AKShimmerViewController.m in Sources */ = {isa = PBXBuildFile; fileRef = C680445F1C250AFA00ECB622 /* AKShimmerViewController.m */; };
		C68044641C252FE500ECB622 /* AKBaseViewController.m in Sources */ = {isa = PBXBuildFile; fileRef = C68044631C252FE500ECB622 /* AKBaseViewController.m */; };
		C68044671C2531F000ECB622 /* AKRotationRectViewController.m in Sources */ = {isa = PBXBuildFile; fileRef = C68044661C2531F000ECB622 /* AKRotationRectViewController.m */; };
		C6B89ED21C2108A500C26C72 /* FBShimmeringLayer.m in Sources */ = {isa = PBXBuildFile; fileRef = C6B89ECF1C2108A500C26C72 /* FBShimmeringLayer.m */; };
		C6B89ED31C2108A500C26C72 /* FBShimmeringView.m in Sources */ = {isa = PBXBuildFile; fileRef = C6B89ED11C2108A500C26C72 /* FBShimmeringView.m */; };
		C6B89EDC1C2148EC00C26C72 /* TwinkleImage.png in Resources */ = {isa = PBXBuildFile; fileRef = C6B89ED51C2148EC00C26C72 /* TwinkleImage.png */; };
		C6B89EDD1C2148EC00C26C72 /* TwinkleLayer+Anim.m in Sources */ = {isa = PBXBuildFile; fileRef = C6B89ED71C2148EC00C26C72 /* TwinkleLayer+Anim.m */; };
		C6B89EDE1C2148EC00C26C72 /* TwinkleLayer.m in Sources */ = {isa = PBXBuildFile; fileRef = C6B89ED91C2148EC00C26C72 /* TwinkleLayer.m */; };
		C6B89EDF1C2148EC00C26C72 /* UIView+Twinkle.m in Sources */ = {isa = PBXBuildFile; fileRef = C6B89EDB1C2148EC00C26C72 /* UIView+Twinkle.m */; };
/* End PBXBuildFile section */

/* Begin PBXFileReference section */
		C608692A1C27934900D45513 /* AKStaticHeaderViewController.h */ = {isa = PBXFileReference; fileEncoding = 4; lastKnownFileType = sourcecode.c.h; path = AKStaticHeaderViewController.h; sourceTree = "<group>"; };
		C608692B1C27934900D45513 /* AKStaticHeaderViewController.m */ = {isa = PBXFileReference; fileEncoding = 4; lastKnownFileType = sourcecode.c.objc; path = AKStaticHeaderViewController.m; sourceTree = "<group>"; };
		C62229B91C196BFB0037938A /* AKRefresh.app */ = {isa = PBXFileReference; explicitFileType = wrapper.application; includeInIndex = 0; path = AKRefresh.app; sourceTree = BUILT_PRODUCTS_DIR; };
		C62229BD1C196BFB0037938A /* main.m */ = {isa = PBXFileReference; lastKnownFileType = sourcecode.c.objc; path = main.m; sourceTree = "<group>"; };
		C62229BF1C196BFB0037938A /* AppDelegate.h */ = {isa = PBXFileReference; lastKnownFileType = sourcecode.c.h; path = AppDelegate.h; sourceTree = "<group>"; };
		C62229C01C196BFB0037938A /* AppDelegate.m */ = {isa = PBXFileReference; lastKnownFileType = sourcecode.c.objc; path = AppDelegate.m; sourceTree = "<group>"; };
		C62229C21C196BFB0037938A /* ViewController.h */ = {isa = PBXFileReference; lastKnownFileType = sourcecode.c.h; path = ViewController.h; sourceTree = "<group>"; };
		C62229C31C196BFB0037938A /* ViewController.m */ = {isa = PBXFileReference; lastKnownFileType = sourcecode.c.objc; path = ViewController.m; sourceTree = "<group>"; };
		C62229C61C196BFB0037938A /* Base */ = {isa = PBXFileReference; lastKnownFileType = file.storyboard; name = Base; path = Base.lproj/Main.storyboard; sourceTree = "<group>"; };
		C62229C81C196BFB0037938A /* Assets.xcassets */ = {isa = PBXFileReference; lastKnownFileType = folder.assetcatalog; path = Assets.xcassets; sourceTree = "<group>"; };
		C62229CB1C196BFB0037938A /* Base */ = {isa = PBXFileReference; lastKnownFileType = file.storyboard; name = Base; path = Base.lproj/LaunchScreen.storyboard; sourceTree = "<group>"; };
		C62229CD1C196BFB0037938A /* Info.plist */ = {isa = PBXFileReference; lastKnownFileType = text.plist.xml; path = Info.plist; sourceTree = "<group>"; };
		C6611AB81C253919003B2494 /* AKPointScalAnimateView.h */ = {isa = PBXFileReference; fileEncoding = 4; lastKnownFileType = sourcecode.c.h; path = AKPointScalAnimateView.h; sourceTree = "<group>"; };
		C6611AB91C253919003B2494 /* AKPointScalAnimateView.m */ = {isa = PBXFileReference; fileEncoding = 4; lastKnownFileType = sourcecode.c.objc; path = AKPointScalAnimateView.m; sourceTree = "<group>"; };
		C6611ABB1C253AD2003B2494 /* AKScalPointViewController.h */ = {isa = PBXFileReference; fileEncoding = 4; lastKnownFileType = sourcecode.c.h; path = AKScalPointViewController.h; sourceTree = "<group>"; };
		C6611ABC1C253AD2003B2494 /* AKScalPointViewController.m */ = {isa = PBXFileReference; fileEncoding = 4; lastKnownFileType = sourcecode.c.objc; path = AKScalPointViewController.m; sourceTree = "<group>"; };
		C68044461C239BEF00ECB622 /* AKRefreshControl.h */ = {isa = PBXFileReference; fileEncoding = 4; lastKnownFileType = sourcecode.c.h; path = AKRefreshControl.h; sourceTree = "<group>"; };
		C68044471C239BEF00ECB622 /* AKRefreshControlProtocoals.h */ = {isa = PBXFileReference; fileEncoding = 4; lastKnownFileType = sourcecode.c.h; path = AKRefreshControlProtocoals.h; sourceTree = "<group>"; };
		C68044481C239BEF00ECB622 /* AKRefreshHeaderView.h */ = {isa = PBXFileReference; fileEncoding = 4; lastKnownFileType = sourcecode.c.h; path = AKRefreshHeaderView.h; sourceTree = "<group>"; };
		C68044491C239BEF00ECB622 /* AKRefreshHeaderView.m */ = {isa = PBXFileReference; fileEncoding = 4; lastKnownFileType = sourcecode.c.objc; path = AKRefreshHeaderView.m; sourceTree = "<group>"; };
		C680444B1C239BEF00ECB622 /* AKRotateRectAnimateView.h */ = {isa = PBXFileReference; fileEncoding = 4; lastKnownFileType = sourcecode.c.h; path = AKRotateRectAnimateView.h; sourceTree = "<group>"; };
		C680444C1C239BEF00ECB622 /* AKRotateRectAnimateView.m */ = {isa = PBXFileReference; fileEncoding = 4; lastKnownFileType = sourcecode.c.objc; path = AKRotateRectAnimateView.m; sourceTree = "<group>"; };
		C680444D1C239BEF00ECB622 /* AKShimmerAnimationView.h */ = {isa = PBXFileReference; fileEncoding = 4; lastKnownFileType = sourcecode.c.h; path = AKShimmerAnimationView.h; sourceTree = "<group>"; };
		C680444E1C239BEF00ECB622 /* AKShimmerAnimationView.m */ = {isa = PBXFileReference; fileEncoding = 4; lastKnownFileType = sourcecode.c.objc; path = AKShimmerAnimationView.m; sourceTree = "<group>"; };
		C68044501C239BEF00ECB622 /* AKHeightLabelExtView.h */ = {isa = PBXFileReference; fileEncoding = 4; lastKnownFileType = sourcecode.c.h; path = AKHeightLabelExtView.h; sourceTree = "<group>"; };
		C68044511C239BEF00ECB622 /* AKHeightLabelExtView.m */ = {isa = PBXFileReference; fileEncoding = 4; lastKnownFileType = sourcecode.c.objc; path = AKHeightLabelExtView.m; sourceTree = "<group>"; };
		C68044521C239BEF00ECB622 /* UIScrollView+AKRefreshControl.h */ = {isa = PBXFileReference; fileEncoding = 4; lastKnownFileType = sourcecode.c.h; path = "UIScrollView+AKRefreshControl.h"; sourceTree = "<group>"; };
		C68044531C239BEF00ECB622 /* UIScrollView+AKRefreshControl.m */ = {isa = PBXFileReference; fileEncoding = 4; lastKnownFileType = sourcecode.c.objc; path = "UIScrollView+AKRefreshControl.m"; sourceTree = "<group>"; };
		C68044591C24E9AF00ECB622 /* AKRefreshExtImageView.h */ = {isa = PBXFileReference; fileEncoding = 4; lastKnownFileType = sourcecode.c.h; path = AKRefreshExtImageView.h; sourceTree = "<group>"; };
		C680445A1C24E9AF00ECB622 /* AKRefreshExtImageView.m */ = {isa = PBXFileReference; fileEncoding = 4; lastKnownFileType = sourcecode.c.objc; path = AKRefreshExtImageView.m; sourceTree = "<group>"; };
		C680445C1C24EA0400ECB622 /* test00.jpg */ = {isa = PBXFileReference; lastKnownFileType = image.jpeg; path = test00.jpg; sourceTree = "<group>"; };
		C680445E1C250AFA00ECB622 /* AKShimmerViewController.h */ = {isa = PBXFileReference; fileEncoding = 4; lastKnownFileType = sourcecode.c.h; path = AKShimmerViewController.h; sourceTree = "<group>"; };
		C680445F1C250AFA00ECB622 /* AKShimmerViewController.m */ = {isa = PBXFileReference; fileEncoding = 4; lastKnownFileType = sourcecode.c.objc; path = AKShimmerViewController.m; sourceTree = "<group>"; };
		C68044621C252FE500ECB622 /* AKBaseViewController.h */ = {isa = PBXFileReference; fileEncoding = 4; lastKnownFileType = sourcecode.c.h; path = AKBaseViewController.h; sourceTree = "<group>"; };
		C68044631C252FE500ECB622 /* AKBaseViewController.m */ = {isa = PBXFileReference; fileEncoding = 4; lastKnownFileType = sourcecode.c.objc; path = AKBaseViewController.m; sourceTree = "<group>"; };
		C68044651C2531F000ECB622 /* AKRotationRectViewController.h */ = {isa = PBXFileReference; fileEncoding = 4; lastKnownFileType = sourcecode.c.h; path = AKRotationRectViewController.h; sourceTree = "<group>"; };
		C68044661C2531F000ECB622 /* AKRotationRectViewController.m */ = {isa = PBXFileReference; fileEncoding = 4; lastKnownFileType = sourcecode.c.objc; path = AKRotationRectViewController.m; sourceTree = "<group>"; };
		C6B89ECC1C2108A500C26C72 /* FBShimmering-Prefix.pch */ = {isa = PBXFileReference; fileEncoding = 4; lastKnownFileType = sourcecode.c.h; path = "FBShimmering-Prefix.pch"; sourceTree = "<group>"; };
		C6B89ECD1C2108A500C26C72 /* FBShimmering.h */ = {isa = PBXFileReference; fileEncoding = 4; lastKnownFileType = sourcecode.c.h; path = FBShimmering.h; sourceTree = "<group>"; };
		C6B89ECE1C2108A500C26C72 /* FBShimmeringLayer.h */ = {isa = PBXFileReference; fileEncoding = 4; lastKnownFileType = sourcecode.c.h; path = FBShimmeringLayer.h; sourceTree = "<group>"; };
		C6B89ECF1C2108A500C26C72 /* FBShimmeringLayer.m */ = {isa = PBXFileReference; fileEncoding = 4; lastKnownFileType = sourcecode.c.objc; path = FBShimmeringLayer.m; sourceTree = "<group>"; };
		C6B89ED01C2108A500C26C72 /* FBShimmeringView.h */ = {isa = PBXFileReference; fileEncoding = 4; lastKnownFileType = sourcecode.c.h; path = FBShimmeringView.h; sourceTree = "<group>"; };
		C6B89ED11C2108A500C26C72 /* FBShimmeringView.m */ = {isa = PBXFileReference; fileEncoding = 4; lastKnownFileType = sourcecode.c.objc; path = FBShimmeringView.m; sourceTree = "<group>"; };
		C6B89ED51C2148EC00C26C72 /* TwinkleImage.png */ = {isa = PBXFileReference; lastKnownFileType = image.png; path = TwinkleImage.png; sourceTree = "<group>"; };
		C6B89ED61C2148EC00C26C72 /* TwinkleLayer+Anim.h */ = {isa = PBXFileReference; fileEncoding = 4; lastKnownFileType = sourcecode.c.h; path = "TwinkleLayer+Anim.h"; sourceTree = "<group>"; };
		C6B89ED71C2148EC00C26C72 /* TwinkleLayer+Anim.m */ = {isa = PBXFileReference; fileEncoding = 4; lastKnownFileType = sourcecode.c.objc; path = "TwinkleLayer+Anim.m"; sourceTree = "<group>"; };
		C6B89ED81C2148EC00C26C72 /* TwinkleLayer.h */ = {isa = PBXFileReference; fileEncoding = 4; lastKnownFileType = sourcecode.c.h; path = TwinkleLayer.h; sourceTree = "<group>"; };
		C6B89ED91C2148EC00C26C72 /* TwinkleLayer.m */ = {isa = PBXFileReference; fileEncoding = 4; lastKnownFileType = sourcecode.c.objc; path = TwinkleLayer.m; sourceTree = "<group>"; };
		C6B89EDA1C2148EC00C26C72 /* UIView+Twinkle.h */ = {isa = PBXFileReference; fileEncoding = 4; lastKnownFileType = sourcecode.c.h; path = "UIView+Twinkle.h"; sourceTree = "<group>"; };
		C6B89EDB1C2148EC00C26C72 /* UIView+Twinkle.m */ = {isa = PBXFileReference; fileEncoding = 4; lastKnownFileType = sourcecode.c.objc; path = "UIView+Twinkle.m"; sourceTree = "<group>"; };
/* End PBXFileReference section */

/* Begin PBXFrameworksBuildPhase section */
		C62229B61C196BFB0037938A /* Frameworks */ = {
			isa = PBXFrameworksBuildPhase;
			buildActionMask = 2147483647;
			files = (
			);
			runOnlyForDeploymentPostprocessing = 0;
		};
/* End PBXFrameworksBuildPhase section */

/* Begin PBXGroup section */
		C62229B01C196BFB0037938A = {
			isa = PBXGroup;
			children = (
				C62229BB1C196BFB0037938A /* AKRefresh */,
				C62229BA1C196BFB0037938A /* Products */,
			);
			sourceTree = "<group>";
		};
		C62229BA1C196BFB0037938A /* Products */ = {
			isa = PBXGroup;
			children = (
				C62229B91C196BFB0037938A /* AKRefresh.app */,
			);
			name = Products;
			sourceTree = "<group>";
		};
		C62229BB1C196BFB0037938A /* AKRefresh */ = {
			isa = PBXGroup;
			children = (
				C62229C51C196BFB0037938A /* Main.storyboard */,
				C62229BF1C196BFB0037938A /* AppDelegate.h */,
				C62229C01C196BFB0037938A /* AppDelegate.m */,
				C62229C21C196BFB0037938A /* ViewController.h */,
				C62229C31C196BFB0037938A /* ViewController.m */,
				C68044611C25254F00ECB622 /* Example VCs */,
				C68044451C239BEF00ECB622 /* AKRefresh */,
				C6B89ED41C2148EC00C26C72 /* UIViewTwinkle */,
				C6B89ECB1C2108A500C26C72 /* FBShimmering */,
				C62229C81C196BFB0037938A /* Assets.xcassets */,
				C62229CA1C196BFB0037938A /* LaunchScreen.storyboard */,
				C62229CD1C196BFB0037938A /* Info.plist */,
				C62229BC1C196BFB0037938A /* Supporting Files */,
			);
			path = AKRefresh;
			sourceTree = "<group>";
		};
		C62229BC1C196BFB0037938A /* Supporting Files */ = {
			isa = PBXGroup;
			children = (
				C62229BD1C196BFB0037938A /* main.m */,
			);
			name = "Supporting Files";
			sourceTree = "<group>";
		};
		C68044451C239BEF00ECB622 /* AKRefresh */ = {
			isa = PBXGroup;
			children = (
				C68044461C239BEF00ECB622 /* AKRefreshControl.h */,
				C68044471C239BEF00ECB622 /* AKRefreshControlProtocoals.h */,
				C68044481C239BEF00ECB622 /* AKRefreshHeaderView.h */,
				C68044491C239BEF00ECB622 /* AKRefreshHeaderView.m */,
				C680444A1C239BEF00ECB622 /* AnimateHeaderViews */,
				C680444F1C239BEF00ECB622 /* HeadExtViews */,
				C68044521C239BEF00ECB622 /* UIScrollView+AKRefreshControl.h */,
				C68044531C239BEF00ECB622 /* UIScrollView+AKRefreshControl.m */,
			);
			path = AKRefresh;
			sourceTree = "<group>";
		};
		C680444A1C239BEF00ECB622 /* AnimateHeaderViews */ = {
			isa = PBXGroup;
			children = (
				C680444B1C239BEF00ECB622 /* AKRotateRectAnimateView.h */,
				C680444C1C239BEF00ECB622 /* AKRotateRectAnimateView.m */,
				C680444D1C239BEF00ECB622 /* AKShimmerAnimationView.h */,
				C680444E1C239BEF00ECB622 /* AKShimmerAnimationView.m */,
				C6611AB81C253919003B2494 /* AKPointScalAnimateView.h */,
				C6611AB91C253919003B2494 /* AKPointScalAnimateView.m */,
			);
			path = AnimateHeaderViews;
			sourceTree = "<group>";
		};
		C680444F1C239BEF00ECB622 /* HeadExtViews */ = {
			isa = PBXGroup;
			children = (
				C68044501C239BEF00ECB622 /* AKHeightLabelExtView.h */,
				C68044511C239BEF00ECB622 /* AKHeightLabelExtView.m */,
				C68044591C24E9AF00ECB622 /* AKRefreshExtImageView.h */,
				C680445A1C24E9AF00ECB622 /* AKRefreshExtImageView.m */,
				C680445C1C24EA0400ECB622 /* test00.jpg */,
			);
			path = HeadExtViews;
			sourceTree = "<group>";
		};
		C68044611C25254F00ECB622 /* Example VCs */ = {
			isa = PBXGroup;
			children = (
				C68044621C252FE500ECB622 /* AKBaseViewController.h */,
				C68044631C252FE500ECB622 /* AKBaseViewController.m */,
				C680445E1C250AFA00ECB622 /* AKShimmerViewController.h */,
				C680445F1C250AFA00ECB622 /* AKShimmerViewController.m */,
				C68044651C2531F000ECB622 /* AKRotationRectViewController.h */,
				C68044661C2531F000ECB622 /* AKRotationRectViewController.m */,
				C6611ABB1C253AD2003B2494 /* AKScalPointViewController.h */,
				C6611ABC1C253AD2003B2494 /* AKScalPointViewController.m */,
				C608692A1C27934900D45513 /* AKStaticHeaderViewController.h */,
				C608692B1C27934900D45513 /* AKStaticHeaderViewController.m */,
			);
			name = "Example VCs";
			sourceTree = "<group>";
		};
		C6B89ECB1C2108A500C26C72 /* FBShimmering */ = {
			isa = PBXGroup;
			children = (
				C6B89ECC1C2108A500C26C72 /* FBShimmering-Prefix.pch */,
				C6B89ECD1C2108A500C26C72 /* FBShimmering.h */,
				C6B89ECE1C2108A500C26C72 /* FBShimmeringLayer.h */,
				C6B89ECF1C2108A500C26C72 /* FBShimmeringLayer.m */,
				C6B89ED01C2108A500C26C72 /* FBShimmeringView.h */,
				C6B89ED11C2108A500C26C72 /* FBShimmeringView.m */,
			);
			path = FBShimmering;
			sourceTree = "<group>";
		};
		C6B89ED41C2148EC00C26C72 /* UIViewTwinkle */ = {
			isa = PBXGroup;
			children = (
				C6B89ED51C2148EC00C26C72 /* TwinkleImage.png */,
				C6B89ED61C2148EC00C26C72 /* TwinkleLayer+Anim.h */,
				C6B89ED71C2148EC00C26C72 /* TwinkleLayer+Anim.m */,
				C6B89ED81C2148EC00C26C72 /* TwinkleLayer.h */,
				C6B89ED91C2148EC00C26C72 /* TwinkleLayer.m */,
				C6B89EDA1C2148EC00C26C72 /* UIView+Twinkle.h */,
				C6B89EDB1C2148EC00C26C72 /* UIView+Twinkle.m */,
			);
			path = UIViewTwinkle;
			sourceTree = "<group>";
		};
/* End PBXGroup section */

/* Begin PBXNativeTarget section */
		C62229B81C196BFB0037938A /* AKRefresh */ = {
			isa = PBXNativeTarget;
			buildConfigurationList = C62229D01C196BFB0037938A /* Build configuration list for PBXNativeTarget "AKRefresh" */;
			buildPhases = (
				C62229B51C196BFB0037938A /* Sources */,
				C62229B61C196BFB0037938A /* Frameworks */,
				C62229B71C196BFB0037938A /* Resources */,
			);
			buildRules = (
			);
			dependencies = (
			);
			name = AKRefresh;
			productName = AKRefresh;
			productReference = C62229B91C196BFB0037938A /* AKRefresh.app */;
			productType = "com.apple.product-type.application";
		};
/* End PBXNativeTarget section */

/* Begin PBXProject section */
		C62229B11C196BFB0037938A /* Project object */ = {
			isa = PBXProject;
			attributes = {
				LastUpgradeCheck = 0710;
				ORGANIZATIONNAME = Aston;
				TargetAttributes = {
					C62229B81C196BFB0037938A = {
						CreatedOnToolsVersion = 7.1.1;
					};
				};
			};
			buildConfigurationList = C62229B41C196BFB0037938A /* Build configuration list for PBXProject "AKRefresh" */;
			compatibilityVersion = "Xcode 3.2";
			developmentRegion = English;
			hasScannedForEncodings = 0;
			knownRegions = (
				en,
				Base,
			);
			mainGroup = C62229B01C196BFB0037938A;
			productRefGroup = C62229BA1C196BFB0037938A /* Products */;
			projectDirPath = "";
			projectRoot = "";
			targets = (
				C62229B81C196BFB0037938A /* AKRefresh */,
			);
		};
/* End PBXProject section */

/* Begin PBXResourcesBuildPhase section */
		C62229B71C196BFB0037938A /* Resources */ = {
			isa = PBXResourcesBuildPhase;
			buildActionMask = 2147483647;
			files = (
				C6B89EDC1C2148EC00C26C72 /* TwinkleImage.png in Resources */,
				C62229CC1C196BFB0037938A /* LaunchScreen.storyboard in Resources */,
				C62229C91C196BFB0037938A /* Assets.xcassets in Resources */,
				C680445D1C24EA0400ECB622 /* test00.jpg in Resources */,
				C62229C71C196BFB0037938A /* Main.storyboard in Resources */,
			);
			runOnlyForDeploymentPostprocessing = 0;
		};
/* End PBXResourcesBuildPhase section */

/* Begin PBXSourcesBuildPhase section */
		C62229B51C196BFB0037938A /* Sources */ = {
			isa = PBXSourcesBuildPhase;
			buildActionMask = 2147483647;
			files = (
				C62229C41C196BFB0037938A /* ViewController.m in Sources */,
				C608692C1C27934900D45513 /* AKStaticHeaderViewController.m in Sources */,
				C68044671C2531F000ECB622 /* AKRotationRectViewController.m in Sources */,
				C68044571C239BEF00ECB622 /* AKHeightLabelExtView.m in Sources */,
				C6B89EDE1C2148EC00C26C72 /* TwinkleLayer.m in Sources */,
				C68044581C239BEF00ECB622 /* UIScrollView+AKRefreshControl.m in Sources */,
				C680445B1C24E9AF00ECB622 /* AKRefreshExtImageView.m in Sources */,
				C6B89EDF1C2148EC00C26C72 /* UIView+Twinkle.m in Sources */,
				C68044561C239BEF00ECB622 /* AKShimmerAnimationView.m in Sources */,
				C68044641C252FE500ECB622 /* AKBaseViewController.m in Sources */,
				C62229C11C196BFB0037938A /* AppDelegate.m in Sources */,
				C68044541C239BEF00ECB622 /* AKRefreshHeaderView.m in Sources */,
				C68044601C250AFA00ECB622 /* AKShimmerViewController.m in Sources */,
				C6B89EDD1C2148EC00C26C72 /* TwinkleLayer+Anim.m in Sources */,
				C62229BE1C196BFB0037938A /* main.m in Sources */,
				C6611ABA1C253919003B2494 /* AKPointScalAnimateView.m in Sources */,
				C6B89ED21C2108A500C26C72 /* FBShimmeringLayer.m in Sources */,
				C6B89ED31C2108A500C26C72 /* FBShimmeringView.m in Sources */,
				C68044551C239BEF00ECB622 /* AKRotateRectAnimateView.m in Sources */,
				C6611ABD1C253AD2003B2494 /* AKScalPointViewController.m in Sources */,
			);
			runOnlyForDeploymentPostprocessing = 0;
		};
/* End PBXSourcesBuildPhase section */

/* Begin PBXVariantGroup section */
		C62229C51C196BFB0037938A /* Main.storyboard */ = {
			isa = PBXVariantGroup;
			children = (
				C62229C61C196BFB0037938A /* Base */,
			);
			name = Main.storyboard;
			sourceTree = "<group>";
		};
		C62229CA1C196BFB0037938A /* LaunchScreen.storyboard */ = {
			isa = PBXVariantGroup;
			children = (
				C62229CB1C196BFB0037938A /* Base */,
			);
			name = LaunchScreen.storyboard;
			sourceTree = "<group>";
		};
/* End PBXVariantGroup section */

/* Begin XCBuildConfiguration section */
		C62229CE1C196BFB0037938A /* Debug */ = {
			isa = XCBuildConfiguration;
			buildSettings = {
				ALWAYS_SEARCH_USER_PATHS = NO;
				CLANG_CXX_LANGUAGE_STANDARD = "gnu++0x";
				CLANG_CXX_LIBRARY = "libc++";
				CLANG_ENABLE_MODULES = YES;
				CLANG_ENABLE_OBJC_ARC = YES;
				CLANG_WARN_BOOL_CONVERSION = YES;
				CLANG_WARN_CONSTANT_CONVERSION = YES;
				CLANG_WARN_DIRECT_OBJC_ISA_USAGE = YES_ERROR;
				CLANG_WARN_EMPTY_BODY = YES;
				CLANG_WARN_ENUM_CONVERSION = YES;
				CLANG_WARN_INT_CONVERSION = YES;
				CLANG_WARN_OBJC_ROOT_CLASS = YES_ERROR;
				CLANG_WARN_UNREACHABLE_CODE = YES;
				CLANG_WARN__DUPLICATE_METHOD_MATCH = YES;
				"CODE_SIGN_IDENTITY[sdk=iphoneos*]" = "iPhone Developer";
				COPY_PHASE_STRIP = NO;
				DEBUG_INFORMATION_FORMAT = dwarf;
				ENABLE_STRICT_OBJC_MSGSEND = YES;
				ENABLE_TESTABILITY = YES;
				GCC_C_LANGUAGE_STANDARD = gnu99;
				GCC_DYNAMIC_NO_PIC = NO;
				GCC_NO_COMMON_BLOCKS = YES;
				GCC_OPTIMIZATION_LEVEL = 0;
				GCC_PREPROCESSOR_DEFINITIONS = (
					"DEBUG=1",
					"$(inherited)",
				);
				GCC_WARN_64_TO_32_BIT_CONVERSION = YES;
				GCC_WARN_ABOUT_RETURN_TYPE = YES_ERROR;
				GCC_WARN_UNDECLARED_SELECTOR = YES;
				GCC_WARN_UNINITIALIZED_AUTOS = YES_AGGRESSIVE;
				GCC_WARN_UNUSED_FUNCTION = YES;
				GCC_WARN_UNUSED_VARIABLE = YES;
				IPHONEOS_DEPLOYMENT_TARGET = 9.1;
				MTL_ENABLE_DEBUG_INFO = YES;
				ONLY_ACTIVE_ARCH = YES;
				SDKROOT = iphoneos;
				TARGETED_DEVICE_FAMILY = "1,2";
			};
			name = Debug;
		};
		C62229CF1C196BFB0037938A /* Release */ = {
			isa = XCBuildConfiguration;
			buildSettings = {
				ALWAYS_SEARCH_USER_PATHS = NO;
				CLANG_CXX_LANGUAGE_STANDARD = "gnu++0x";
				CLANG_CXX_LIBRARY = "libc++";
				CLANG_ENABLE_MODULES = YES;
				CLANG_ENABLE_OBJC_ARC = YES;
				CLANG_WARN_BOOL_CONVERSION = YES;
				CLANG_WARN_CONSTANT_CONVERSION = YES;
				CLANG_WARN_DIRECT_OBJC_ISA_USAGE = YES_ERROR;
				CLANG_WARN_EMPTY_BODY = YES;
				CLANG_WARN_ENUM_CONVERSION = YES;
				CLANG_WARN_INT_CONVERSION = YES;
				CLANG_WARN_OBJC_ROOT_CLASS = YES_ERROR;
				CLANG_WARN_UNREACHABLE_CODE = YES;
				CLANG_WARN__DUPLICATE_METHOD_MATCH = YES;
				"CODE_SIGN_IDENTITY[sdk=iphoneos*]" = "iPhone Developer";
				COPY_PHASE_STRIP = NO;
				DEBUG_INFORMATION_FORMAT = "dwarf-with-dsym";
				ENABLE_NS_ASSERTIONS = NO;
				ENABLE_STRICT_OBJC_MSGSEND = YES;
				GCC_C_LANGUAGE_STANDARD = gnu99;
				GCC_NO_COMMON_BLOCKS = YES;
				GCC_WARN_64_TO_32_BIT_CONVERSION = YES;
				GCC_WARN_ABOUT_RETURN_TYPE = YES_ERROR;
				GCC_WARN_UNDECLARED_SELECTOR = YES;
				GCC_WARN_UNINITIALIZED_AUTOS = YES_AGGRESSIVE;
				GCC_WARN_UNUSED_FUNCTION = YES;
				GCC_WARN_UNUSED_VARIABLE = YES;
				IPHONEOS_DEPLOYMENT_TARGET = 9.1;
				MTL_ENABLE_DEBUG_INFO = NO;
				SDKROOT = iphoneos;
				TARGETED_DEVICE_FAMILY = "1,2";
				VALIDATE_PRODUCT = YES;
			};
			name = Release;
		};
		C62229D11C196BFB0037938A /* Debug */ = {
			isa = XCBuildConfiguration;
			buildSettings = {
				ASSETCATALOG_COMPILER_APPICON_NAME = AppIcon;
				INFOPLIST_FILE = AKRefresh/Info.plist;
				LD_RUNPATH_SEARCH_PATHS = "$(inherited) @executable_path/Frameworks";
				PRODUCT_BUNDLE_IDENTIFIER = Aston.AKRefresh;
				PRODUCT_NAME = "$(TARGET_NAME)";
			};
			name = Debug;
		};
		C62229D21C196BFB0037938A /* Release */ = {
			isa = XCBuildConfiguration;
			buildSettings = {
				ASSETCATALOG_COMPILER_APPICON_NAME = AppIcon;
				INFOPLIST_FILE = AKRefresh/Info.plist;
				LD_RUNPATH_SEARCH_PATHS = "$(inherited) @executable_path/Frameworks";
				PRODUCT_BUNDLE_IDENTIFIER = Aston.AKRefresh;
				PRODUCT_NAME = "$(TARGET_NAME)";
			};
			name = Release;
		};
/* End XCBuildConfiguration section */

/* Begin XCConfigurationList section */
		C62229B41C196BFB0037938A /* Build configuration list for PBXProject "AKRefresh" */ = {
			isa = XCConfigurationList;
			buildConfigurations = (
				C62229CE1C196BFB0037938A /* Debug */,
				C62229CF1C196BFB0037938A /* Release */,
			);
			defaultConfigurationIsVisible = 0;
			defaultConfigurationName = Release;
		};
		C62229D01C196BFB0037938A /* Build configuration list for PBXNativeTarget "AKRefresh" */ = {
			isa = XCConfigurationList;
			buildConfigurations = (
				C62229D11C196BFB0037938A /* Debug */,
				C62229D21C196BFB0037938A /* Release */,
			);
			defaultConfigurationIsVisible = 0;
			defaultConfigurationName = Release;
		};
/* End XCConfigurationList section */
	};
	rootObject = C62229B11C196BFB0037938A /* Project object */;
}
